
Microsoft Visual Studio Solution File, Format Version 12.00
# Visual Studio Version 17
VisualStudioVersion = 17.7.34031.279
MinimumVisualStudioVersion = 10.0.40219.1
Project("{2150E333-8FDC-42A3-9474-1A3956D46DE8}") = "Task0", "Task0", "{88ED96F0-029F-442D-A065-EF66C2914BE3}"
EndProject
Project("{FAE04EC0-301F-11D3-BF4B-00C04F79EFBC}") = "Tyuiu.AlmukhametovTI.Sprint0.Task0.V0", "Tyuiu.AlmukhametovTI.Sprint0.Task0.V0\Tyuiu.AlmukhametovTI.Sprint0.Task0.V0.csproj", "{71BB9DC9-A1D3-439D-8EF1-98334C96FC91}"
EndProject
Project("{2150E333-8FDC-42A3-9474-1A3956D46DE8}") = "Task1", "Task1", "{8E4494D8-B69C-4C7C-BA3A-F9CC855A113D}"
EndProject
Project("{FAE04EC0-301F-11D3-BF4B-00C04F79EFBC}") = "Tyuiu.AlmukhametovTI.Sprint0.Task1.V0", "Tyuiu.AlmukhametovTI.Sprint0.Task1.V0\Tyuiu.AlmukhametovTI.Sprint0.Task1.V0.csproj", "{C992563A-77FC-4581-A14C-EFA1A9EAF745}"
EndProject
Project("{2150E333-8FDC-42A3-9474-1A3956D46DE8}") = "Task2", "Task2", "{A2648B6B-62BA-41C3-8A27-D1FCAFCAC31D}"
EndProject
Project("{FAE04EC0-301F-11D3-BF4B-00C04F79EFBC}") = "Tyuiu.AlmukhametovTI.Sprint0.Task2.V0", "Tyuiu.AlmukhametovTI.Sprint0.Task2.V0\Tyuiu.AlmukhametovTI.Sprint0.Task2.V0.csproj", "{D5451B41-796F-4641-B4BA-CA60245D5D9D}"
EndProject
Project("{FAE04EC0-301F-11D3-BF4B-00C04F79EFBC}") = "Tyuiu.AlmukhametovTI.Sprint0.Task2.V0.Lib", "Tyuiu.AlmukhametovTI.Sprint0.Task2.V0.Lib\Tyuiu.AlmukhametovTI.Sprint0.Task2.V0.Lib.csproj", "{A70A7EAC-979A-4655-AF2B-47B56D005831}"
EndProject
Project("{FAE04EC0-301F-11D3-BF4B-00C04F79EFBC}") = "Tyuiu.AlmukhametovTI.Sprint0.Task2.V0.Test", "Tyuiu.AlmukhametovTI.Sprint0.Task2.V0.Test\Tyuiu.AlmukhametovTI.Sprint0.Task2.V0.Test.csproj", "{A4F8D783-4DE1-4AEE-B368-33BAFCD9CECF}"
EndProject
Project("{2150E333-8FDC-42A3-9474-1A3956D46DE8}") = "Task3", "Task3", "{6A0650B5-049F-4F08-8DA9-96BB9C2FB6F1}"
EndProject
Project("{FAE04EC0-301F-11D3-BF4B-00C04F79EFBC}") = "Tyuiu.AlmukhametovTI.Sprint0.Task3.V0", "Tyuiu.AlmukhametovTI.Sprint0.Task3.V0\Tyuiu.AlmukhametovTI.Sprint0.Task3.V0.csproj", "{ED4F3C04-0B16-4908-BA8E-B77A7ED02A7D}"
EndProject
Project("{FAE04EC0-301F-11D3-BF4B-00C04F79EFBC}") = "Tyuiu.AlmukhametovTI.Sprint0.Task3.V0.Lib", "Tyuiu.AlmukhametovTI.Sprint0.Task3.V0.Lib\Tyuiu.AlmukhametovTI.Sprint0.Task3.V0.Lib.csproj", "{C70B0ECD-0318-4A41-B5ED-766C54F0BB4E}"
EndProject
Project("{FAE04EC0-301F-11D3-BF4B-00C04F79EFBC}") = "Tyuiu.AlmukhametovTI.Sprint0.Task3.V0.Test", "Tyuiu.AlmukhametovTI.Sprint0.Task3.V0.Test\Tyuiu.AlmukhametovTI.Sprint0.Task3.V0.Test.csproj", "{0F64AE02-A8B6-4BC7-814A-8F7597BC3CAA}"
EndProject
Project("{2150E333-8FDC-42A3-9474-1A3956D46DE8}") = "Task4", "Task4", "{40FCE537-2961-4618-9FDF-25C07267934D}"
EndProject
Project("{FAE04EC0-301F-11D3-BF4B-00C04F79EFBC}") = "Тyuiu.AlmukhametovTI.Sprint0.Task4.V0", "Тyuiu.AlmukhametovTI.Sprint0.Task4.V0\Тyuiu.AlmukhametovTI.Sprint0.Task4.V0.csproj", "{3B223AB8-2830-45E0-A69F-B64FBB8F6DB1}"
EndProject
Project("{FAE04EC0-301F-11D3-BF4B-00C04F79EFBC}") = "Tyuiu.AlmukhametovTI.Sprint0.Task4.V0.Test", "Tyuiu.AlmukhametovTI.Sprint0.Task4.V0.Test\Tyuiu.AlmukhametovTI.Sprint0.Task4.V0.Test.csproj", "{3ED56892-A237-4B39-833D-BB3742372FFF}"
EndProject
Project("{FAE04EC0-301F-11D3-BF4B-00C04F79EFBC}") = "Tyuiu.AlmukhametovTI.Sprint0.Task4.V0.Lib", "Tyuiu.AlmukhametovTI.Sprint0.Task4.V0.Lib\Tyuiu.AlmukhametovTI.Sprint0.Task4.V0.Lib.csproj", "{74BEB091-E688-4A6B-AC2A-B315BD51E7B0}"
EndProject
Project("{2150E333-8FDC-42A3-9474-1A3956D46DE8}") = "Task5", "Task5", "{5C740C4E-E4B6-49A6-BE87-097C435C8A2E}"
EndProject
Project("{FAE04EC0-301F-11D3-BF4B-00C04F79EFBC}") = "Tyuiu.AlmukhametovTI.Sprint0.Task5.V0", "Tyuiu.AlmukhametovTI.Sprint0.Task5.V0\Tyuiu.AlmukhametovTI.Sprint0.Task5.V0.csproj", "{B45DD1D6-F3ED-4C93-AC8A-FF99025F1CAE}"
EndProject
Project("{FAE04EC0-301F-11D3-BF4B-00C04F79EFBC}") = "Tyuiu.AlmukhametovTI.Sprint0.Task5.V0.Lib", "Tyuiu.AlmukhametovTI.Sprint0.Task5.V0.Lib\Tyuiu.AlmukhametovTI.Sprint0.Task5.V0.Lib.csproj", "{AC6703D2-3719-4F95-BD4A-4C1FCC05F7EE}"
EndProject
Project("{FAE04EC0-301F-11D3-BF4B-00C04F79EFBC}") = "Tyuiu.AlmukhametovTI.Sprint0.Task5.V0.Test", "Tyuiu.AlmukhametovTI.Sprint0.Task5.V0.Test\Tyuiu.AlmukhametovTI.Sprint0.Task5.V0.Test.csproj", "{94E2895C-8EB0-47FC-82FA-777D22342DF2}"
EndProject
Global
	GlobalSection(SolutionConfigurationPlatforms) = preSolution
		Debug|Any CPU = Debug|Any CPU
		Release|Any CPU = Release|Any CPU
	EndGlobalSection
	GlobalSection(ProjectConfigurationPlatforms) = postSolution
		{71BB9DC9-A1D3-439D-8EF1-98334C96FC91}.Debug|Any CPU.ActiveCfg = Debug|Any CPU
		{71BB9DC9-A1D3-439D-8EF1-98334C96FC91}.Debug|Any CPU.Build.0 = Debug|Any CPU
		{71BB9DC9-A1D3-439D-8EF1-98334C96FC91}.Release|Any CPU.ActiveCfg = Release|Any CPU
		{71BB9DC9-A1D3-439D-8EF1-98334C96FC91}.Release|Any CPU.Build.0 = Release|Any CPU
		{C992563A-77FC-4581-A14C-EFA1A9EAF745}.Debug|Any CPU.ActiveCfg = Debug|Any CPU
		{C992563A-77FC-4581-A14C-EFA1A9EAF745}.Debug|Any CPU.Build.0 = Debug|Any CPU
		{C992563A-77FC-4581-A14C-EFA1A9EAF745}.Release|Any CPU.ActiveCfg = Release|Any CPU
		{C992563A-77FC-4581-A14C-EFA1A9EAF745}.Release|Any CPU.Build.0 = Release|Any CPU
		{D5451B41-796F-4641-B4BA-CA60245D5D9D}.Debug|Any CPU.ActiveCfg = Debug|Any CPU
		{D5451B41-796F-4641-B4BA-CA60245D5D9D}.Debug|Any CPU.Build.0 = Debug|Any CPU
		{D5451B41-796F-4641-B4BA-CA60245D5D9D}.Release|Any CPU.ActiveCfg = Release|Any CPU
		{D5451B41-796F-4641-B4BA-CA60245D5D9D}.Release|Any CPU.Build.0 = Release|Any CPU
		{A70A7EAC-979A-4655-AF2B-47B56D005831}.Debug|Any CPU.ActiveCfg = Debug|Any CPU
		{A70A7EAC-979A-4655-AF2B-47B56D005831}.Debug|Any CPU.Build.0 = Debug|Any CPU
		{A70A7EAC-979A-4655-AF2B-47B56D005831}.Release|Any CPU.ActiveCfg = Release|Any CPU
		{A70A7EAC-979A-4655-AF2B-47B56D005831}.Release|Any CPU.Build.0 = Release|Any CPU
		{A4F8D783-4DE1-4AEE-B368-33BAFCD9CECF}.Debug|Any CPU.ActiveCfg = Debug|Any CPU
		{A4F8D783-4DE1-4AEE-B368-33BAFCD9CECF}.Debug|Any CPU.Build.0 = Debug|Any CPU
		{A4F8D783-4DE1-4AEE-B368-33BAFCD9CECF}.Release|Any CPU.ActiveCfg = Release|Any CPU
		{A4F8D783-4DE1-4AEE-B368-33BAFCD9CECF}.Release|Any CPU.Build.0 = Release|Any CPU
		{ED4F3C04-0B16-4908-BA8E-B77A7ED02A7D}.Debug|Any CPU.ActiveCfg = Debug|Any CPU
		{ED4F3C04-0B16-4908-BA8E-B77A7ED02A7D}.Debug|Any CPU.Build.0 = Debug|Any CPU
		{ED4F3C04-0B16-4908-BA8E-B77A7ED02A7D}.Release|Any CPU.ActiveCfg = Release|Any CPU
		{ED4F3C04-0B16-4908-BA8E-B77A7ED02A7D}.Release|Any CPU.Build.0 = Release|Any CPU
		{C70B0ECD-0318-4A41-B5ED-766C54F0BB4E}.Debug|Any CPU.ActiveCfg = Debug|Any CPU
		{C70B0ECD-0318-4A41-B5ED-766C54F0BB4E}.Debug|Any CPU.Build.0 = Debug|Any CPU
		{C70B0ECD-0318-4A41-B5ED-766C54F0BB4E}.Release|Any CPU.ActiveCfg = Release|Any CPU
		{C70B0ECD-0318-4A41-B5ED-766C54F0BB4E}.Release|Any CPU.Build.0 = Release|Any CPU
		{0F64AE02-A8B6-4BC7-814A-8F7597BC3CAA}.Debug|Any CPU.ActiveCfg = Debug|Any CPU
		{0F64AE02-A8B6-4BC7-814A-8F7597BC3CAA}.Debug|Any CPU.Build.0 = Debug|Any CPU
		{0F64AE02-A8B6-4BC7-814A-8F7597BC3CAA}.Release|Any CPU.ActiveCfg = Release|Any CPU
		{0F64AE02-A8B6-4BC7-814A-8F7597BC3CAA}.Release|Any CPU.Build.0 = Release|Any CPU
		{3B223AB8-2830-45E0-A69F-B64FBB8F6DB1}.Debug|Any CPU.ActiveCfg = Debug|Any CPU
		{3B223AB8-2830-45E0-A69F-B64FBB8F6DB1}.Debug|Any CPU.Build.0 = Debug|Any CPU
		{3B223AB8-2830-45E0-A69F-B64FBB8F6DB1}.Release|Any CPU.ActiveCfg = Release|Any CPU
		{3B223AB8-2830-45E0-A69F-B64FBB8F6DB1}.Release|Any CPU.Build.0 = Release|Any CPU
		{3ED56892-A237-4B39-833D-BB3742372FFF}.Debug|Any CPU.ActiveCfg = Debug|Any CPU
		{3ED56892-A237-4B39-833D-BB3742372FFF}.Debug|Any CPU.Build.0 = Debug|Any CPU
		{3ED56892-A237-4B39-833D-BB3742372FFF}.Release|Any CPU.ActiveCfg = Release|Any CPU
		{3ED56892-A237-4B39-833D-BB3742372FFF}.Release|Any CPU.Build.0 = Release|Any CPU
		{74BEB091-E688-4A6B-AC2A-B315BD51E7B0}.Debug|Any CPU.ActiveCfg = Debug|Any CPU
		{74BEB091-E688-4A6B-AC2A-B315BD51E7B0}.Debug|Any CPU.Build.0 = Debug|Any CPU
		{74BEB091-E688-4A6B-AC2A-B315BD51E7B0}.Release|Any CPU.ActiveCfg = Release|Any CPU
		{74BEB091-E688-4A6B-AC2A-B315BD51E7B0}.Release|Any CPU.Build.0 = Release|Any CPU
		{B45DD1D6-F3ED-4C93-AC8A-FF99025F1CAE}.Debug|Any CPU.ActiveCfg = Debug|Any CPU
		{B45DD1D6-F3ED-4C93-AC8A-FF99025F1CAE}.Debug|Any CPU.Build.0 = Debug|Any CPU
		{B45DD1D6-F3ED-4C93-AC8A-FF99025F1CAE}.Release|Any CPU.ActiveCfg = Release|Any CPU
		{B45DD1D6-F3ED-4C93-AC8A-FF99025F1CAE}.Release|Any CPU.Build.0 = Release|Any CPU
		{AC6703D2-3719-4F95-BD4A-4C1FCC05F7EE}.Debug|Any CPU.ActiveCfg = Debug|Any CPU
		{AC6703D2-3719-4F95-BD4A-4C1FCC05F7EE}.Debug|Any CPU.Build.0 = Debug|Any CPU
		{AC6703D2-3719-4F95-BD4A-4C1FCC05F7EE}.Release|Any CPU.ActiveCfg = Release|Any CPU
		{AC6703D2-3719-4F95-BD4A-4C1FCC05F7EE}.Release|Any CPU.Build.0 = Release|Any CPU
		{94E2895C-8EB0-47FC-82FA-777D22342DF2}.Debug|Any CPU.ActiveCfg = Debug|Any CPU
		{94E2895C-8EB0-47FC-82FA-777D22342DF2}.Debug|Any CPU.Build.0 = Debug|Any CPU
		{94E2895C-8EB0-47FC-82FA-777D22342DF2}.Release|Any CPU.ActiveCfg = Release|Any CPU
		{94E2895C-8EB0-47FC-82FA-777D22342DF2}.Release|Any CPU.Build.0 = Release|Any CPU
	EndGlobalSection
	GlobalSection(SolutionProperties) = preSolution
		HideSolutionNode = FALSE
	EndGlobalSection
	GlobalSection(NestedProjects) = preSolution
		{71BB9DC9-A1D3-439D-8EF1-98334C96FC91} = {88ED96F0-029F-442D-A065-EF66C2914BE3}
		{C992563A-77FC-4581-A14C-EFA1A9EAF745} = {8E4494D8-B69C-4C7C-BA3A-F9CC855A113D}
		{D5451B41-796F-4641-B4BA-CA60245D5D9D} = {A2648B6B-62BA-41C3-8A27-D1FCAFCAC31D}
		{A70A7EAC-979A-4655-AF2B-47B56D005831} = {A2648B6B-62BA-41C3-8A27-D1FCAFCAC31D}
		{A4F8D783-4DE1-4AEE-B368-33BAFCD9CECF} = {A2648B6B-62BA-41C3-8A27-D1FCAFCAC31D}
		{ED4F3C04-0B16-4908-BA8E-B77A7ED02A7D} = {6A0650B5-049F-4F08-8DA9-96BB9C2FB6F1}
		{C70B0ECD-0318-4A41-B5ED-766C54F0BB4E} = {6A0650B5-049F-4F08-8DA9-96BB9C2FB6F1}
		{0F64AE02-A8B6-4BC7-814A-8F7597BC3CAA} = {6A0650B5-049F-4F08-8DA9-96BB9C2FB6F1}
		{3B223AB8-2830-45E0-A69F-B64FBB8F6DB1} = {40FCE537-2961-4618-9FDF-25C07267934D}
		{3ED56892-A237-4B39-833D-BB3742372FFF} = {40FCE537-2961-4618-9FDF-25C07267934D}
		{74BEB091-E688-4A6B-AC2A-B315BD51E7B0} = {40FCE537-2961-4618-9FDF-25C07267934D}
		{B45DD1D6-F3ED-4C93-AC8A-FF99025F1CAE} = {5C740C4E-E4B6-49A6-BE87-097C435C8A2E}
		{AC6703D2-3719-4F95-BD4A-4C1FCC05F7EE} = {5C740C4E-E4B6-49A6-BE87-097C435C8A2E}
		{94E2895C-8EB0-47FC-82FA-777D22342DF2} = {5C740C4E-E4B6-49A6-BE87-097C435C8A2E}
	EndGlobalSection
	GlobalSection(ExtensibilityGlobals) = postSolution
		SolutionGuid = {8E104D34-123D-4D84-8C18-6BE61CFE052C}
	EndGlobalSection
EndGlobal
