
Microsoft Visual Studio Solution File, Format Version 12.00
# Visual Studio Version 17
VisualStudioVersion = 17.7.34031.279
MinimumVisualStudioVersion = 10.0.40219.1
Project("{2150E333-8FDC-42A3-9474-1A3956D46DE8}") = "Task0", "Task0", "{88ED96F0-029F-442D-A065-EF66C2914BE3}"
EndProject
Project("{FAE04EC0-301F-11D3-BF4B-00C04F79EFBC}") = "Tyuiu.AlmukhametovTI.Sprint0.Task0.V0", "Tyuiu.AlmukhametovTI.Sprint0.Task0.V0\Tyuiu.AlmukhametovTI.Sprint0.Task0.V0.csproj", "{71BB9DC9-A1D3-439D-8EF1-98334C96FC91}"
EndProject
Project("{2150E333-8FDC-42A3-9474-1A3956D46DE8}") = "Task1", "Task1", "{8E4494D8-B69C-4C7C-BA3A-F9CC855A113D}"
EndProject
Project("{FAE04EC0-301F-11D3-BF4B-00C04F79EFBC}") = "Tyuiu.AlmukhametovTI.Sprint0.Task1.V0", "Tyuiu.AlmukhametovTI.Sprint0.Task1.V0\Tyuiu.AlmukhametovTI.Sprint0.Task1.V0.csproj", "{C992563A-77FC-4581-A14C-EFA1A9EAF745}"
EndProject
Global
	GlobalSection(SolutionConfigurationPlatforms) = preSolution
		Debug|Any CPU = Debug|Any CPU
		Release|Any CPU = Release|Any CPU
	EndGlobalSection
	GlobalSection(ProjectConfigurationPlatforms) = postSolution
		{71BB9DC9-A1D3-439D-8EF1-98334C96FC91}.Debug|Any CPU.ActiveCfg = Debug|Any CPU
		{71BB9DC9-A1D3-439D-8EF1-98334C96FC91}.Debug|Any CPU.Build.0 = Debug|Any CPU
		{71BB9DC9-A1D3-439D-8EF1-98334C96FC91}.Release|Any CPU.ActiveCfg = Release|Any CPU
		{71BB9DC9-A1D3-439D-8EF1-98334C96FC91}.Release|Any CPU.Build.0 = Release|Any CPU
		{C992563A-77FC-4581-A14C-EFA1A9EAF745}.Debug|Any CPU.ActiveCfg = Debug|Any CPU
		{C992563A-77FC-4581-A14C-EFA1A9EAF745}.Debug|Any CPU.Build.0 = Debug|Any CPU
		{C992563A-77FC-4581-A14C-EFA1A9EAF745}.Release|Any CPU.ActiveCfg = Release|Any CPU
		{C992563A-77FC-4581-A14C-EFA1A9EAF745}.Release|Any CPU.Build.0 = Release|Any CPU
	EndGlobalSection
	GlobalSection(SolutionProperties) = preSolution
		HideSolutionNode = FALSE
	EndGlobalSection
	GlobalSection(NestedProjects) = preSolution
		{71BB9DC9-A1D3-439D-8EF1-98334C96FC91} = {88ED96F0-029F-442D-A065-EF66C2914BE3}
		{C992563A-77FC-4581-A14C-EFA1A9EAF745} = {8E4494D8-B69C-4C7C-BA3A-F9CC855A113D}
	EndGlobalSection
	GlobalSection(ExtensibilityGlobals) = postSolution
		SolutionGuid = {8E104D34-123D-4D84-8C18-6BE61CFE052C}
	EndGlobalSection
EndGlobal
